
Microsoft Visual Studio Solution File, Format Version 12.00
# Visual Studio Version 17
VisualStudioVersion = 17.13.35806.99 d17.13
MinimumVisualStudioVersion = 10.0.40219.1
Project("{F184B08F-C81C-45F6-A57F-5ABD9991F28F}") = "VISTA", "alab_c\VISTA.vbproj", "{F34EC667-A44D-406B-A0CB-2ADD81A2E59B}"
EndProject
Project("{F184B08F-C81C-45F6-A57F-5ABD9991F28F}") = "MODULO", "MODULO\MODULO.vbproj", "{E0F41557-E1E8-4647-84D7-921EA36AB851}"
EndProject
Project("{F184B08F-C81C-45F6-A57F-5ABD9991F28F}") = "CONTROLADOR", "CONTROLADOR\CONTROLADOR.vbproj", "{E0B8453E-D29D-4CF8-984C-277ED0B429A2}"
EndProject
Global
	GlobalSection(SolutionConfigurationPlatforms) = preSolution
		Debug|Any CPU = Debug|Any CPU
		Release|Any CPU = Release|Any CPU
	EndGlobalSection
	GlobalSection(ProjectConfigurationPlatforms) = postSolution
		{F34EC667-A44D-406B-A0CB-2ADD81A2E59B}.Debug|Any CPU.ActiveCfg = Debug|Any CPU
		{F34EC667-A44D-406B-A0CB-2ADD81A2E59B}.Debug|Any CPU.Build.0 = Debug|Any CPU
		{F34EC667-A44D-406B-A0CB-2ADD81A2E59B}.Release|Any CPU.ActiveCfg = Release|Any CPU
		{F34EC667-A44D-406B-A0CB-2ADD81A2E59B}.Release|Any CPU.Build.0 = Release|Any CPU
		{E0F41557-E1E8-4647-84D7-921EA36AB851}.Debug|Any CPU.ActiveCfg = Debug|Any CPU
		{E0F41557-E1E8-4647-84D7-921EA36AB851}.Debug|Any CPU.Build.0 = Debug|Any CPU
		{E0F41557-E1E8-4647-84D7-921EA36AB851}.Release|Any CPU.ActiveCfg = Release|Any CPU
		{E0F41557-E1E8-4647-84D7-921EA36AB851}.Release|Any CPU.Build.0 = Release|Any CPU
		{E0B8453E-D29D-4CF8-984C-277ED0B429A2}.Debug|Any CPU.ActiveCfg = Debug|Any CPU
		{E0B8453E-D29D-4CF8-984C-277ED0B429A2}.Debug|Any CPU.Build.0 = Debug|Any CPU
		{E0B8453E-D29D-4CF8-984C-277ED0B429A2}.Release|Any CPU.ActiveCfg = Release|Any CPU
		{E0B8453E-D29D-4CF8-984C-277ED0B429A2}.Release|Any CPU.Build.0 = Release|Any CPU
	EndGlobalSection
	GlobalSection(SolutionProperties) = preSolution
		HideSolutionNode = FALSE
	EndGlobalSection
	GlobalSection(ExtensibilityGlobals) = postSolution
		SolutionGuid = {77EF6D1E-B648-42A4-96CC-FB105529F2DB}
	EndGlobalSection
EndGlobal
